
Microsoft Visual Studio Solution File, Format Version 12.00
# Visual Studio 15
VisualStudioVersion = 15.0.27130.2003
MinimumVisualStudioVersion = 10.0.40219.1
Project("{FAE04EC0-301F-11D3-BF4B-00C04F79EFBC}") = "Reverser", "Reverser\Reverser.csproj", "{8380B357-692D-4896-AE30-81F8198DB980}"
EndProject
Project("{FAE04EC0-301F-11D3-BF4B-00C04F79EFBC}") = "Reverser.Tests", "Reverser.Tests\Reverser.Tests.csproj", "{347D28D3-AB13-45B7-BA85-CC8E3484733C}"
EndProject
Global
	GlobalSection(SolutionConfigurationPlatforms) = preSolution
		Debug|Any CPU = Debug|Any CPU
		Release|Any CPU = Release|Any CPU
	EndGlobalSection
	GlobalSection(ProjectConfigurationPlatforms) = postSolution
		{8380B357-692D-4896-AE30-81F8198DB980}.Debug|Any CPU.ActiveCfg = Debug|Any CPU
		{8380B357-692D-4896-AE30-81F8198DB980}.Debug|Any CPU.Build.0 = Debug|Any CPU
		{8380B357-692D-4896-AE30-81F8198DB980}.Release|Any CPU.ActiveCfg = Release|Any CPU
		{8380B357-692D-4896-AE30-81F8198DB980}.Release|Any CPU.Build.0 = Release|Any CPU
		{347D28D3-AB13-45B7-BA85-CC8E3484733C}.Debug|Any CPU.ActiveCfg = Debug|Any CPU
		{347D28D3-AB13-45B7-BA85-CC8E3484733C}.Debug|Any CPU.Build.0 = Debug|Any CPU
		{347D28D3-AB13-45B7-BA85-CC8E3484733C}.Release|Any CPU.ActiveCfg = Release|Any CPU
		{347D28D3-AB13-45B7-BA85-CC8E3484733C}.Release|Any CPU.Build.0 = Release|Any CPU
	EndGlobalSection
	GlobalSection(SolutionProperties) = preSolution
		HideSolutionNode = FALSE
	EndGlobalSection
	GlobalSection(ExtensibilityGlobals) = postSolution
		SolutionGuid = {C9724B37-BE6E-4B92-AE0E-379E106C0D23}
	EndGlobalSection
EndGlobal
