
Microsoft Visual Studio Solution File, Format Version 12.00
# Visual Studio 15
VisualStudioVersion = 15.0.27130.2003
MinimumVisualStudioVersion = 10.0.40219.1
Project("{FAE04EC0-301F-11D3-BF4B-00C04F79EFBC}") = "FizzBuzz", "FizzBuzz\FizzBuzz.csproj", "{4ABF0A3D-1343-4120-A2A5-209591894049}"
EndProject
Project("{FAE04EC0-301F-11D3-BF4B-00C04F79EFBC}") = "FizzBuzz.Tests", "FizzBuzz.Tests\FizzBuzz.Tests.csproj", "{31F644BE-9C88-4A0C-92C9-34A2453F6831}"
EndProject
Project("{2150E333-8FDC-42A3-9474-1A3956D46DE8}") = "MvcTest", "MvcTest", "{071A2C62-A13F-4520-9806-7B6AAFCBAA04}"
EndProject
Global
	GlobalSection(SolutionConfigurationPlatforms) = preSolution
		Debug|Any CPU = Debug|Any CPU
		Release|Any CPU = Release|Any CPU
	EndGlobalSection
	GlobalSection(ProjectConfigurationPlatforms) = postSolution
		{4ABF0A3D-1343-4120-A2A5-209591894049}.Debug|Any CPU.ActiveCfg = Debug|Any CPU
		{4ABF0A3D-1343-4120-A2A5-209591894049}.Debug|Any CPU.Build.0 = Debug|Any CPU
		{4ABF0A3D-1343-4120-A2A5-209591894049}.Release|Any CPU.ActiveCfg = Release|Any CPU
		{4ABF0A3D-1343-4120-A2A5-209591894049}.Release|Any CPU.Build.0 = Release|Any CPU
		{31F644BE-9C88-4A0C-92C9-34A2453F6831}.Debug|Any CPU.ActiveCfg = Debug|Any CPU
		{31F644BE-9C88-4A0C-92C9-34A2453F6831}.Debug|Any CPU.Build.0 = Debug|Any CPU
		{31F644BE-9C88-4A0C-92C9-34A2453F6831}.Release|Any CPU.ActiveCfg = Release|Any CPU
		{31F644BE-9C88-4A0C-92C9-34A2453F6831}.Release|Any CPU.Build.0 = Release|Any CPU
	EndGlobalSection
	GlobalSection(SolutionProperties) = preSolution
		HideSolutionNode = FALSE
	EndGlobalSection
	GlobalSection(ExtensibilityGlobals) = postSolution
		SolutionGuid = {52B0AB4E-DDDD-450D-9F90-59F6F4262BFB}
	EndGlobalSection
EndGlobal
